PODS:
  - VonageClientSDKVoice (1.0.0):
    - VonageWebRTC (~> 99.2.39)
  - VonageWebRTC (99.2.39)

DEPENDENCIES:
  - VonageClientSDKVoice (= 1.0.0)

SPEC REPOS:
  trunk:
    - VonageClientSDKVoice
    - VonageWebRTC

SPEC CHECKSUMS:
  VonageClientSDKVoice: ef449d64db7737625047f499add675751092dcd3
  VonageWebRTC: 4b57187170ef4ea435006e932600646a0521d6b0

PODFILE CHECKSUM: 2076b1eda0b14464bc64f3746c394d22676ce739

COCOAPODS: 1.12.0
