PODS:
  - VonageClientSDKVoice (0.3.0-alpha.0):
    - VonageWebRTC (~> 99.2.39)
  - VonageWebRTC (99.2.39)

DEPENDENCIES:
  - VonageClientSDKVoice (= 0.3.0.alpha.0)

SPEC REPOS:
  trunk:
    - VonageClientSDKVoice
    - VonageWebRTC

SPEC CHECKSUMS:
  VonageClientSDKVoice: c1dac0103c40f0f9a09ea37c7af1eac53d31e898
  VonageWebRTC: 4b57187170ef4ea435006e932600646a0521d6b0

PODFILE CHECKSUM: 078009da6f2cf4e62dad36dde6b0616c81c3dc1f

COCOAPODS: 1.12.0
