PODS:
  - VonageClientSDKVoice (0.1.4):
    - VonageWebRTC (~> 99.2.39)
  - VonageWebRTC (99.2.39)

DEPENDENCIES:
  - VonageClientSDKVoice (= 0.1.4)

SPEC REPOS:
  trunk:
    - VonageClientSDKVoice
    - VonageWebRTC

SPEC CHECKSUMS:
  VonageClientSDKVoice: c0795829d3e85a11b8ccaa8db3d7e8ebfb3ae466
  VonageWebRTC: 4b57187170ef4ea435006e932600646a0521d6b0

PODFILE CHECKSUM: f06a0c6aa6f6d8f106dde1a2259f3e243c9de8cb

COCOAPODS: 1.11.3
