PODS:
  - VonageClientSDKVoice (1.0.0-alpha.0):
    - VonageWebRTC (~> 99.2.39)
  - VonageWebRTC (99.2.39)

DEPENDENCIES:
  - VonageClientSDKVoice (= 1.0.0.alpha.0)

SPEC REPOS:
  trunk:
    - VonageClientSDKVoice
    - VonageWebRTC

SPEC CHECKSUMS:
  VonageClientSDKVoice: 5b771758acf487b86ba31e186424a04c4c3cb1b8
  VonageWebRTC: 4b57187170ef4ea435006e932600646a0521d6b0

PODFILE CHECKSUM: 7b8c0140b737620344a19feea16a0ca8ea33572a

COCOAPODS: 1.12.0
