PODS:
  - VonageClientSDKVoice (1.2.1):
    - VonageWebRTC (~> 99.9.26)
  - VonageWebRTC (99.9.27)

DEPENDENCIES:
  - VonageClientSDKVoice (= 1.2.1)

SPEC REPOS:
  trunk:
    - VonageClientSDKVoice
    - VonageWebRTC

SPEC CHECKSUMS:
  VonageClientSDKVoice: 9d352bf3e5cd669c021b8b21c135904e1bf1c9e3
  VonageWebRTC: 8a2c2c86a354f22e89caea705c7bf4798a82455b

PODFILE CHECKSUM: 6f0ab0f28a761716c01d6b40eccf36d130e74bad

COCOAPODS: 1.12.1
